
Microsoft Visual Studio Solution File, Format Version 12.00
# Visual Studio 15
VisualStudioVersion = 15.0.28307.421
MinimumVisualStudioVersion = 10.0.40219.1
Project("{FAE04EC0-301F-11D3-BF4B-00C04F79EFBC}") = "QuickSort", "QuickSort\QuickSort.csproj", "{30D9F852-C0E9-4F29-8304-38B98B86668D}"
EndProject
Global
	GlobalSection(SolutionConfigurationPlatforms) = preSolution
		Debug|Any CPU = Debug|Any CPU
		Release|Any CPU = Release|Any CPU
	EndGlobalSection
	GlobalSection(ProjectConfigurationPlatforms) = postSolution
		{30D9F852-C0E9-4F29-8304-38B98B86668D}.Debug|Any CPU.ActiveCfg = Debug|Any CPU
		{30D9F852-C0E9-4F29-8304-38B98B86668D}.Debug|Any CPU.Build.0 = Debug|Any CPU
		{30D9F852-C0E9-4F29-8304-38B98B86668D}.Release|Any CPU.ActiveCfg = Release|Any CPU
		{30D9F852-C0E9-4F29-8304-38B98B86668D}.Release|Any CPU.Build.0 = Release|Any CPU
	EndGlobalSection
	GlobalSection(SolutionProperties) = preSolution
		HideSolutionNode = FALSE
	EndGlobalSection
	GlobalSection(ExtensibilityGlobals) = postSolution
		SolutionGuid = {4FA79EEA-ED2A-4F74-9FF8-98B3FD972498}
	EndGlobalSection
EndGlobal
